<?xml version="1.0" encoding="utf-8"?>
<Project ToolsVersion="4.0" xmlns="http://schemas.microsoft.com/developer/msbuild/2003">
  <ItemGroup>
    <Filter Include="Form Files">
      <UniqueIdentifier>{99349809-55BA-4b9d-BF79-8FDBB0286EB3}</UniqueIdentifier>
      <Extensions>ui</Extensions>
      <ParseFiles>false</ParseFiles>
    </Filter>
    <Filter Include="Form Files">
      <UniqueIdentifier>{99349809-55BA-4b9d-BF79-8FDBB0286EB3}</UniqueIdentifier>
      <Extensions>ui</Extensions>
      <ParseFiles>false</ParseFiles>
    </Filter>
    <Filter Include="Generated Files">
      <UniqueIdentifier>{71ED8ED8-ACB9-4CE9-BBE1-E00B30144E11}</UniqueIdentifier>
      <Extensions>cpp;c;cxx;moc;h;def;odl;idl;res;</Extensions>
    </Filter>
    <Filter Include="Generated Files">
      <UniqueIdentifier>{71ED8ED8-ACB9-4CE9-BBE1-E00B30144E11}</UniqueIdentifier>
      <Extensions>cpp;c;cxx;moc;h;def;odl;idl;res;</Extensions>
    </Filter>
    <Filter Include="Header Files">
      <UniqueIdentifier>{93995380-89BD-4b04-88EB-625FBE52EBFB}</UniqueIdentifier>
      <Extensions>h;hpp;hxx;hm;inl;inc;xsd</Extensions>
    </Filter>
    <Filter Include="Header Files">
      <UniqueIdentifier>{93995380-89BD-4b04-88EB-625FBE52EBFB}</UniqueIdentifier>
      <Extensions>h;hpp;hxx;hm;inl;inc;xsd</Extensions>
    </Filter>
    <Filter Include="Resource Files">
      <UniqueIdentifier>{D9D6E242-F8AF-46E4-B9FD-80ECBC20BA3E}</UniqueIdentifier>
      <Extensions>qrc;*</Extensions>
      <ParseFiles>false</ParseFiles>
    </Filter>
    <Filter Include="Resource Files">
      <UniqueIdentifier>{D9D6E242-F8AF-46E4-B9FD-80ECBC20BA3E}</UniqueIdentifier>
      <Extensions>qrc;*</Extensions>
      <ParseFiles>false</ParseFiles>
    </Filter>
    <Filter Include="Source Files">
      <UniqueIdentifier>{4FC737F1-C7A5-4376-A066-2A32D752A2FF}</UniqueIdentifier>
      <Extensions>cpp;c;cxx;def;odl;idl;hpj;bat;asm;asmx</Extensions>
    </Filter>
    <Filter Include="Source Files">
      <UniqueIdentifier>{4FC737F1-C7A5-4376-A066-2A32D752A2FF}</UniqueIdentifier>
      <Extensions>cpp;c;cxx;def;odl;idl;hpj;bat;asm;asmx</Extensions>
    </Filter>
  </ItemGroup>
  <ItemGroup>
    <ClCompile Include="biofeedback\biofeedback.cpp">
      <Filter>Source Files</Filter>
    </ClCompile>
    <ClCompile Include="config\configwindow.cpp">
      <Filter>Source Files</Filter>
    </ClCompile>
    <ClCompile Include="consolewindow.cpp">
      <Filter>Source Files</Filter>
    </ClCompile>
    <ClCompile Include="converter\convertoptionswindow.cpp">
      <Filter>Source Files</Filter>
    </ClCompile>
    <ClCompile Include="converter\convertwindow.cpp">
      <Filter>Source Files</Filter>
    </ClCompile>
    <ClCompile Include="license\licensedialog.cpp">
      <Filter>Source Files</Filter>
    </ClCompile>
    <ClCompile Include="main.cpp">
      <Filter>Source Files</Filter>
    </ClCompile>
    <ClCompile Include="medanalysis\medanalysiswindow.cpp">
      <Filter>Source Files</Filter>
    </ClCompile>
    <ClCompile Include="converter\mixsignaldialog.cpp">
      <Filter>Source Files</Filter>
    </ClCompile>
    <ClCompile Include="opi_helper.cpp">
      <Filter>Source Files</Filter>
    </ClCompile>
    <ClCompile Include="opi_win.cpp">
      <Filter>Source Files</Filter>
    </ClCompile>
    <ClCompile Include="profile\profiledialog.cpp">
      <Filter>Source Files</Filter>
    </ClCompile>
    <ClCompile Include="FFT\qcomplexnumber.cpp">
      <Filter>Source Files</Filter>
    </ClCompile>
    <ClCompile Include="FFT\qfouriercalculator.cpp">
      <Filter>Source Files</Filter>
    </ClCompile>
    <ClCompile Include="FFT\qfourierfixedcalculator.cpp">
      <Filter>Source Files</Filter>
    </ClCompile>
    <ClCompile Include="FFT\qfouriertransformer.cpp">
      <Filter>Source Files</Filter>
    </ClCompile>
    <ClCompile Include="FFT\qfouriervariablecalculator.cpp">
      <Filter>Source Files</Filter>
    </ClCompile>
    <ClCompile Include="converter\qqwidget.cpp">
      <Filter>Source Files</Filter>
    </ClCompile>
    <ClCompile Include="FFT\qwindowfunction.cpp">
      <Filter>Source Files</Filter>
    </ClCompile>
    <ClCompile Include="readmm\readmmdialog.cpp">
      <Filter>Source Files</Filter>
    </ClCompile>
    <ClCompile Include="PDC\showdatawindow.cpp">
      <Filter>Source Files</Filter>
    </ClCompile>
    <ClCompile Include="converter\signalviewer.cpp">
      <Filter>Source Files</Filter>
    </ClCompile>
    <ClCompile Include="sleepanalysis\sleepanalysiswindow.cpp">
      <Filter>Source Files</Filter>
    </ClCompile>
    <ClCompile Include="converter\spectrogram.cpp">
      <Filter>Source Files</Filter>
    </ClCompile>
    <ClCompile Include="PDC\startwindow.cpp">
      <Filter>Source Files</Filter>
    </ClCompile>
    <ClCompile Include="biofeedback\startwindowbf.cpp">
      <Filter>Source Files</Filter>
    </ClCompile>
    <ClCompile Include="TutorialGame\tutorialgame.cpp">
      <Filter>Source Files</Filter>
    </ClCompile>
    <ClCompile Include="converter\twodaccelviewer.cpp">
      <Filter>Source Files</Filter>
    </ClCompile>
  </ItemGroup>
  <ItemGroup>
    <ClInclude Include="FFT\Array.h">
      <Filter>Header Files</Filter>
    </ClInclude>
    <ClInclude Include="FFT\Array.hpp">
      <Filter>Header Files</Filter>
    </ClInclude>
    <ClInclude Include="FFT\DynArray.h">
      <Filter>Header Files</Filter>
    </ClInclude>
    <ClInclude Include="FFT\DynArray.hpp">
      <Filter>Header Files</Filter>
    </ClInclude>
    <ClInclude Include="FFT\FFTReal.h">
      <Filter>Header Files</Filter>
    </ClInclude>
    <ClInclude Include="FFT\FFTReal.hpp">
      <Filter>Header Files</Filter>
    </ClInclude>
    <ClInclude Include="FFT\FFTRealFixLen.h">
      <Filter>Header Files</Filter>
    </ClInclude>
    <ClInclude Include="FFT\FFTRealFixLen.hpp">
      <Filter>Header Files</Filter>
    </ClInclude>
    <ClInclude Include="FFT\FFTRealFixLenParam.h">
      <Filter>Header Files</Filter>
    </ClInclude>
    <ClInclude Include="FFT\FFTRealPassDirect.h">
      <Filter>Header Files</Filter>
    </ClInclude>
    <ClInclude Include="FFT\FFTRealPassDirect.hpp">
      <Filter>Header Files</Filter>
    </ClInclude>
    <ClInclude Include="FFT\FFTRealPassInverse.h">
      <Filter>Header Files</Filter>
    </ClInclude>
    <ClInclude Include="FFT\FFTRealPassInverse.hpp">
      <Filter>Header Files</Filter>
    </ClInclude>
    <ClInclude Include="FFT\FFTRealSelect.h">
      <Filter>Header Files</Filter>
    </ClInclude>
    <ClInclude Include="FFT\FFTRealSelect.hpp">
      <Filter>Header Files</Filter>
    </ClInclude>
    <ClInclude Include="FFT\FFTRealUseTrigo.h">
      <Filter>Header Files</Filter>
    </ClInclude>
    <ClInclude Include="FFT\FFTRealUseTrigo.hpp">
      <Filter>Header Files</Filter>
    </ClInclude>
    <ClInclude Include="FFT\OscSinCos.h">
      <Filter>Header Files</Filter>
    </ClInclude>
    <ClInclude Include="FFT\OscSinCos.hpp">
      <Filter>Header Files</Filter>
    </ClInclude>
    <CustomBuild Include="biofeedback\biofeedback.h">
      <Filter>Header Files</Filter>
    </CustomBuild>
    <CustomBuild Include="config\configwindow.h">
      <Filter>Header Files</Filter>
    </CustomBuild>
    <CustomBuild Include="consolewindow.h">
      <Filter>Header Files</Filter>
    </CustomBuild>
    <CustomBuild Include="converter\convertoptionswindow.h">
      <Filter>Header Files</Filter>
    </CustomBuild>
    <CustomBuild Include="converter\convertwindow.h">
      <Filter>Header Files</Filter>
    </CustomBuild>
    <ClInclude Include="FFT\def.h">
      <Filter>Header Files</Filter>
    </ClInclude>
    <CustomBuild Include="license\licensedialog.h">
      <Filter>Header Files</Filter>
    </CustomBuild>
    <CustomBuild Include="medanalysis\medanalysiswindow.h">
      <Filter>Header Files</Filter>
    </CustomBuild>
    <CustomBuild Include="converter\mixsignaldialog.h">
      <Filter>Header Files</Filter>
    </CustomBuild>
    <ClInclude Include="opi_helper.h">
      <Filter>Header Files</Filter>
    </ClInclude>
    <ClInclude Include="opi_win.h">
      <Filter>Header Files</Filter>
    </ClInclude>
    <CustomBuild Include="profile\profiledialog.h">
      <Filter>Header Files</Filter>
    </CustomBuild>
    <ClInclude Include="FFT\qcomplexnumber.h">
      <Filter>Header Files</Filter>
    </ClInclude>
    <ClInclude Include="FFT\qfouriercalculator.h">
      <Filter>Header Files</Filter>
    </ClInclude>
    <ClInclude Include="FFT\qfourierfixedcalculator.h">
      <Filter>Header Files</Filter>
    </ClInclude>
    <ClInclude Include="FFT\qfouriertransformer.h">
      <Filter>Header Files</Filter>
    </ClInclude>
    <ClInclude Include="FFT\qfouriervariablecalculator.h">
      <Filter>Header Files</Filter>
    </ClInclude>
    <ClInclude Include="converter\qqwidget.h">
      <Filter>Header Files</Filter>
    </ClInclude>
    <ClInclude Include="FFT\qwindowfunction.h">
      <Filter>Header Files</Filter>
    </ClInclude>
    <CustomBuild Include="readmm\readmmdialog.h">
      <Filter>Header Files</Filter>
    </CustomBuild>
    <CustomBuild Include="PDC\showdatawindow.h">
      <Filter>Header Files</Filter>
    </CustomBuild>
    <CustomBuild Include="converter\signalviewer.h">
      <Filter>Header Files</Filter>
    </CustomBuild>
    <CustomBuild Include="sleepanalysis\sleepanalysiswindow.h">
      <Filter>Header Files</Filter>
    </CustomBuild>
    <CustomBuild Include="converter\spectrogram.h">
      <Filter>Header Files</Filter>
    </CustomBuild>
    <CustomBuild Include="PDC\startwindow.h">
      <Filter>Header Files</Filter>
    </CustomBuild>
    <CustomBuild Include="biofeedback\startwindowbf.h">
      <Filter>Header Files</Filter>
    </CustomBuild>
    <CustomBuild Include="TutorialGame\tutorialgame.h">
      <Filter>Header Files</Filter>
    </CustomBuild>
    <CustomBuild Include="converter\twodaccelviewer.h">
      <Filter>Header Files</Filter>
    </CustomBuild>
  </ItemGroup>
  <ItemGroup>
    <ClCompile Include="debug\moc_biofeedback.cpp">
      <Filter>Generated Files</Filter>
    </ClCompile>
    <ClCompile Include="release\moc_biofeedback.cpp">
      <Filter>Generated Files</Filter>
    </ClCompile>
    <ClCompile Include="debug\moc_configwindow.cpp">
      <Filter>Generated Files</Filter>
    </ClCompile>
    <ClCompile Include="release\moc_configwindow.cpp">
      <Filter>Generated Files</Filter>
    </ClCompile>
    <ClCompile Include="debug\moc_consolewindow.cpp">
      <Filter>Generated Files</Filter>
    </ClCompile>
    <ClCompile Include="release\moc_consolewindow.cpp">
      <Filter>Generated Files</Filter>
    </ClCompile>
    <ClCompile Include="debug\moc_convertoptionswindow.cpp">
      <Filter>Generated Files</Filter>
    </ClCompile>
    <ClCompile Include="release\moc_convertoptionswindow.cpp">
      <Filter>Generated Files</Filter>
    </ClCompile>
    <ClCompile Include="debug\moc_convertwindow.cpp">
      <Filter>Generated Files</Filter>
    </ClCompile>
    <ClCompile Include="release\moc_convertwindow.cpp">
      <Filter>Generated Files</Filter>
    </ClCompile>
    <ClCompile Include="debug\moc_licensedialog.cpp">
      <Filter>Generated Files</Filter>
    </ClCompile>
    <ClCompile Include="release\moc_licensedialog.cpp">
      <Filter>Generated Files</Filter>
    </ClCompile>
    <ClCompile Include="debug\moc_medanalysiswindow.cpp">
      <Filter>Generated Files</Filter>
    </ClCompile>
    <ClCompile Include="release\moc_medanalysiswindow.cpp">
      <Filter>Generated Files</Filter>
    </ClCompile>
    <ClCompile Include="debug\moc_mixsignaldialog.cpp">
      <Filter>Generated Files</Filter>
    </ClCompile>
    <ClCompile Include="release\moc_mixsignaldialog.cpp">
      <Filter>Generated Files</Filter>
    </ClCompile>
    <ClCompile Include="debug\moc_profiledialog.cpp">
      <Filter>Generated Files</Filter>
    </ClCompile>
    <ClCompile Include="release\moc_profiledialog.cpp">
      <Filter>Generated Files</Filter>
    </ClCompile>
    <ClCompile Include="debug\moc_readmmdialog.cpp">
      <Filter>Generated Files</Filter>
    </ClCompile>
    <ClCompile Include="release\moc_readmmdialog.cpp">
      <Filter>Generated Files</Filter>
    </ClCompile>
    <ClCompile Include="debug\moc_showdatawindow.cpp">
      <Filter>Generated Files</Filter>
    </ClCompile>
    <ClCompile Include="release\moc_showdatawindow.cpp">
      <Filter>Generated Files</Filter>
    </ClCompile>
    <ClCompile Include="debug\moc_signalviewer.cpp">
      <Filter>Generated Files</Filter>
    </ClCompile>
    <ClCompile Include="release\moc_signalviewer.cpp">
      <Filter>Generated Files</Filter>
    </ClCompile>
    <ClCompile Include="debug\moc_sleepanalysiswindow.cpp">
      <Filter>Generated Files</Filter>
    </ClCompile>
    <ClCompile Include="release\moc_sleepanalysiswindow.cpp">
      <Filter>Generated Files</Filter>
    </ClCompile>
    <ClCompile Include="debug\moc_spectrogram.cpp">
      <Filter>Generated Files</Filter>
    </ClCompile>
    <ClCompile Include="release\moc_spectrogram.cpp">
      <Filter>Generated Files</Filter>
    </ClCompile>
    <ClCompile Include="debug\moc_startwindow.cpp">
      <Filter>Generated Files</Filter>
    </ClCompile>
    <ClCompile Include="release\moc_startwindow.cpp">
      <Filter>Generated Files</Filter>
    </ClCompile>
    <ClCompile Include="debug\moc_startwindowbf.cpp">
      <Filter>Generated Files</Filter>
    </ClCompile>
    <ClCompile Include="release\moc_startwindowbf.cpp">
      <Filter>Generated Files</Filter>
    </ClCompile>
    <ClCompile Include="debug\moc_tutorialgame.cpp">
      <Filter>Generated Files</Filter>
    </ClCompile>
    <ClCompile Include="release\moc_tutorialgame.cpp">
      <Filter>Generated Files</Filter>
    </ClCompile>
    <ClCompile Include="debug\moc_twodaccelviewer.cpp">
      <Filter>Generated Files</Filter>
    </ClCompile>
    <ClCompile Include="release\moc_twodaccelviewer.cpp">
      <Filter>Generated Files</Filter>
    </ClCompile>
    <ClCompile Include="debug\qrc_opiconsole.cpp">
      <Filter>Generated Files</Filter>
    </ClCompile>
    <ClCompile Include="release\qrc_opiconsole.cpp">
      <Filter>Generated Files</Filter>
    </ClCompile>
    <ClInclude Include="ui_biofeedback.h">
      <Filter>Generated Files</Filter>
    </ClInclude>
    <ClInclude Include="ui_configwindow.h">
      <Filter>Generated Files</Filter>
    </ClInclude>
    <ClInclude Include="ui_consolewindow.h">
      <Filter>Generated Files</Filter>
    </ClInclude>
    <ClInclude Include="ui_convertoptionswindow.h">
      <Filter>Generated Files</Filter>
    </ClInclude>
    <ClInclude Include="ui_convertwindow.h">
      <Filter>Generated Files</Filter>
    </ClInclude>
    <ClInclude Include="ui_licensedialog.h">
      <Filter>Generated Files</Filter>
    </ClInclude>
    <ClInclude Include="ui_medanalysiswindow.h">
      <Filter>Generated Files</Filter>
    </ClInclude>
    <ClInclude Include="ui_mixsignaldialog.h">
      <Filter>Generated Files</Filter>
    </ClInclude>
    <ClInclude Include="ui_profiledialog.h">
      <Filter>Generated Files</Filter>
    </ClInclude>
    <ClInclude Include="ui_readmmdialog.h">
      <Filter>Generated Files</Filter>
    </ClInclude>
    <ClInclude Include="ui_showdatawindow.h">
      <Filter>Generated Files</Filter>
    </ClInclude>
    <ClInclude Include="ui_signalviewer.h">
      <Filter>Generated Files</Filter>
    </ClInclude>
    <ClInclude Include="ui_sleepanalysiswindow.h">
      <Filter>Generated Files</Filter>
    </ClInclude>
    <ClInclude Include="ui_spectrogram.h">
      <Filter>Generated Files</Filter>
    </ClInclude>
    <ClInclude Include="ui_startwindow.h">
      <Filter>Generated Files</Filter>
    </ClInclude>
    <ClInclude Include="ui_startwindowbf.h">
      <Filter>Generated Files</Filter>
    </ClInclude>
    <ClInclude Include="ui_tutorialgame.h">
      <Filter>Generated Files</Filter>
    </ClInclude>
    <ClInclude Include="ui_twodaccelviewer.h">
      <Filter>Generated Files</Filter>
    </ClInclude>
  </ItemGroup>
  <ItemGroup>
    <CustomBuild Include="biofeedback\biofeedback.ui">
      <Filter>Form Files</Filter>
    </CustomBuild>
    <CustomBuild Include="config\configwindow.ui">
      <Filter>Form Files</Filter>
    </CustomBuild>
    <CustomBuild Include="consolewindow.ui">
      <Filter>Form Files</Filter>
    </CustomBuild>
    <CustomBuild Include="converter\convertoptionswindow.ui">
      <Filter>Form Files</Filter>
    </CustomBuild>
    <CustomBuild Include="converter\convertwindow.ui">
      <Filter>Form Files</Filter>
    </CustomBuild>
    <CustomBuild Include="license\licensedialog.ui">
      <Filter>Form Files</Filter>
    </CustomBuild>
    <CustomBuild Include="medanalysis\medanalysiswindow.ui">
      <Filter>Form Files</Filter>
    </CustomBuild>
    <CustomBuild Include="converter\mixsignaldialog.ui">
      <Filter>Form Files</Filter>
    </CustomBuild>
    <CustomBuild Include="profile\profiledialog.ui">
      <Filter>Form Files</Filter>
    </CustomBuild>
    <CustomBuild Include="readmm\readmmdialog.ui">
      <Filter>Form Files</Filter>
    </CustomBuild>
    <CustomBuild Include="PDC\showdatawindow.ui">
      <Filter>Form Files</Filter>
    </CustomBuild>
    <CustomBuild Include="converter\signalviewer.ui">
      <Filter>Form Files</Filter>
    </CustomBuild>
    <CustomBuild Include="sleepanalysis\sleepanalysiswindow.ui">
      <Filter>Form Files</Filter>
    </CustomBuild>
    <CustomBuild Include="converter\spectrogram.ui">
      <Filter>Form Files</Filter>
    </CustomBuild>
    <CustomBuild Include="PDC\startwindow.ui">
      <Filter>Form Files</Filter>
    </CustomBuild>
    <CustomBuild Include="biofeedback\startwindowbf.ui">
      <Filter>Form Files</Filter>
    </CustomBuild>
    <CustomBuild Include="TutorialGame\tutorialgame.ui">
      <Filter>Form Files</Filter>
    </CustomBuild>
    <CustomBuild Include="converter\twodaccelviewer.ui">
      <Filter>Form Files</Filter>
    </CustomBuild>
  </ItemGroup>
  <ItemGroup>
    <None Include="images\Application-Big.jpg">
      <Filter>Resource Files</Filter>
    </None>
    <None Include="images\Arrows.png">
      <Filter>Resource Files</Filter>
    </None>
    <None Include="images\Button-ball.png">
      <Filter>Resource Files</Filter>
    </None>
    <None Include="images\Console-BGtilevert.png">
      <Filter>Resource Files</Filter>
    </None>
    <None Include="images\Data-File-Convert.png">
      <Filter>Resource Files</Filter>
    </None>
    <None Include="images\Data-Setting.png">
      <Filter>Resource Files</Filter>
    </None>
    <None Include="images\LEDbar.png">
      <Filter>Resource Files</Filter>
    </None>
    <None Include="images\Launch-Icon.png">
      <Filter>Resource Files</Filter>
    </None>
    <None Include="images\Live-Biofeedback.png">
      <Filter>Resource Files</Filter>
    </None>
    <None Include="images\Live-Display.png">
      <Filter>Resource Files</Filter>
    </None>
    <None Include="images\MM.png">
      <Filter>Resource Files</Filter>
    </None>
    <None Include="images\Meditation.png">
      <Filter>Resource Files</Filter>
    </None>
    <None Include="images\Mood-Logger.png">
      <Filter>Resource Files</Filter>
    </None>
    <None Include="images\OPIICO.png">
      <Filter>Resource Files</Filter>
    </None>
    <None Include="images\OPlogo307.png">
      <Filter>Resource Files</Filter>
    </None>
    <None Include="images\Paired-Device.png">
      <Filter>Resource Files</Filter>
    </None>
    <None Include="images\Sleep.png">
      <Filter>Resource Files</Filter>
    </None>
    <None Include="images\Unpaired-Device.png">
      <Filter>Resource Files</Filter>
    </None>
    <None Include="images\User-Settings.png">
      <Filter>Resource Files</Filter>
    </None>
    <None Include="images\ball.png">
      <Filter>Resource Files</Filter>
    </None>
    <None Include="images\bioshare-BGtiletexturedMixedGloss600px.jpg">
      <Filter>Resource Files</Filter>
    </None>
    <None Include="images\bioshare1cropped800.png">
      <Filter>Resource Files</Filter>
    </None>
    <None Include="images\bioshareWhiteRevamp500.png">
      <Filter>Resource Files</Filter>
    </None>
    <None Include="images\blueblank.png">
      <Filter>Resource Files</Filter>
    </None>
    <None Include="images\bottom-slider.png">
      <Filter>Resource Files</Filter>
    </None>
    <None Include="images\button500x500.png">
      <Filter>Resource Files</Filter>
    </None>
    <None Include="images\game-applet-logo-500.png">
      <Filter>Resource Files</Filter>
    </None>
    <None Include="images\game-applet-logo.png">
      <Filter>Resource Files</Filter>
    </None>
    <None Include="images\logo.png">
      <Filter>Resource Files</Filter>
    </None>
    <CustomBuild Include="opiconsole.qrc">
      <Filter>Resource Files</Filter>
    </CustomBuild>
    <None Include="images\orange-blank.png">
      <Filter>Resource Files</Filter>
    </None>
    <None Include="images\refresh.png">
      <Filter>Resource Files</Filter>
    </None>
    <None Include="images\shutdown-button.png">
      <Filter>Resource Files</Filter>
    </None>
    <None Include="images\top-console.png">
      <Filter>Resource Files</Filter>
    </None>
    <None Include="images\uparrow.png">
      <Filter>Resource Files</Filter>
    </None>
  </ItemGroup>
  <ItemGroup>
    <ResourceCompile Include="images\myIcon.rc" />
  </ItemGroup>
</Project>